# generated by rye
# use `rye lock` or `rye sync` to update this lockfile
#
# last locked with the following flags:
#   pre: false
#   features: []
#   all-features: true
#   with-sources: false
#   generate-hashes: false
#   universal: false

-e file:.
altair==5.5.0
    # via cogclassifier
annotated-types==0.7.0
    # via pydantic
asttokens==3.0.0
    # via stack-data
attrs==25.3.0
    # via jsonschema
    # via referencing
certifi==2025.1.31
    # via requests
cfgv==3.4.0
    # via pre-commit
charset-normalizer==3.4.1
    # via requests
click==8.1.8
    # via typer
comm==0.2.2
    # via ipykernel
coverage==7.8.0
    # via pytest-cov
debugpy==1.8.14
    # via ipykernel
decorator==5.2.1
    # via ipython
distlib==0.3.9
    # via virtualenv
exceptiongroup==1.2.2
    # via ipython
    # via pytest
executing==2.2.0
    # via stack-data
filelock==3.18.0
    # via virtualenv
identify==2.6.9
    # via pre-commit
idna==3.10
    # via requests
importlib-metadata==8.6.1
    # via jupyter-client
iniconfig==2.1.0
    # via pytest
ipykernel==6.29.5
ipython==8.18.1
    # via ipykernel
jedi==0.19.2
    # via ipython
jinja2==3.1.6
    # via altair
jsonschema==4.23.0
    # via altair
jsonschema-specifications==2024.10.1
    # via jsonschema
jupyter-client==8.6.3
    # via ipykernel
jupyter-core==5.7.2
    # via ipykernel
    # via jupyter-client
markdown-it-py==3.0.0
    # via rich
markupsafe==3.0.2
    # via jinja2
matplotlib-inline==0.1.7
    # via ipykernel
    # via ipython
mdurl==0.1.2
    # via markdown-it-py
narwhals==1.35.0
    # via altair
nest-asyncio==1.6.0
    # via ipykernel
nodeenv==1.9.1
    # via pre-commit
numpy==2.0.2
    # via pandas
packaging==24.2
    # via altair
    # via ipykernel
    # via pytest
pandas==2.2.3
    # via cogclassifier
parso==0.8.4
    # via jedi
pexpect==4.9.0
    # via ipython
platformdirs==4.3.7
    # via jupyter-core
    # via virtualenv
pluggy==1.5.0
    # via pytest
pre-commit==4.2.0
prompt-toolkit==3.0.51
    # via ipython
psutil==7.0.0
    # via ipykernel
ptyprocess==0.7.0
    # via pexpect
pure-eval==0.2.3
    # via stack-data
pydantic==2.11.3
    # via cogclassifier
pydantic-core==2.33.1
    # via pydantic
pygments==2.19.1
    # via ipython
    # via rich
pytest==8.3.5
    # via pytest-cov
pytest-cov==6.1.1
python-dateutil==2.9.0.post0
    # via jupyter-client
    # via pandas
pytz==2025.2
    # via pandas
pyyaml==6.0.2
    # via pre-commit
pyzmq==26.4.0
    # via ipykernel
    # via jupyter-client
referencing==0.36.2
    # via jsonschema
    # via jsonschema-specifications
requests==2.32.3
    # via cogclassifier
rich==14.0.0
    # via typer
rpds-py==0.24.0
    # via jsonschema
    # via referencing
ruff==0.11.6
shellingham==1.5.4
    # via typer
six==1.17.0
    # via python-dateutil
stack-data==0.6.3
    # via ipython
tomli==2.2.1
    # via coverage
    # via pytest
tornado==6.4.2
    # via ipykernel
    # via jupyter-client
traitlets==5.14.3
    # via comm
    # via ipykernel
    # via ipython
    # via jupyter-client
    # via jupyter-core
    # via matplotlib-inline
typer==0.15.2
    # via cogclassifier
typing-extensions==4.13.2
    # via altair
    # via ipython
    # via pydantic
    # via pydantic-core
    # via referencing
    # via rich
    # via typer
    # via typing-inspection
typing-inspection==0.4.0
    # via pydantic
tzdata==2025.2
    # via pandas
urllib3==2.4.0
    # via requests
virtualenv==20.30.0
    # via pre-commit
vl-convert-python==1.7.0
    # via cogclassifier
wcwidth==0.2.13
    # via prompt-toolkit
zipp==3.21.0
    # via importlib-metadata
