# generated by rye
# use `rye lock` or `rye sync` to update this lockfile
#
# last locked with the following flags:
#   pre: false
#   features: []
#   all-features: false
#   with-sources: false
#   generate-hashes: false
#   universal: false

-e file:.
altair==5.4.1
    # via cogclassifier
attrs==24.2.0
    # via jsonschema
    # via referencing
certifi==2024.8.30
    # via requests
charset-normalizer==3.3.2
    # via requests
idna==3.8
    # via requests
jinja2==3.1.4
    # via altair
jsonschema==4.23.0
    # via altair
jsonschema-specifications==2023.12.1
    # via jsonschema
markupsafe==2.1.5
    # via jinja2
narwhals==1.7.0
    # via altair
numpy==2.0.2
    # via pandas
packaging==24.1
    # via altair
pandas==2.2.2
    # via cogclassifier
python-dateutil==2.9.0.post0
    # via pandas
pytz==2024.2
    # via pandas
referencing==0.35.1
    # via jsonschema
    # via jsonschema-specifications
requests==2.32.3
    # via cogclassifier
rpds-py==0.20.0
    # via jsonschema
    # via referencing
six==1.16.0
    # via python-dateutil
typing-extensions==4.12.2
    # via altair
tzdata==2024.1
    # via pandas
urllib3==2.2.3
    # via requests
